# THIS IS AN AUTOGENERATED FILE. DO NOT EDIT THIS FILE DIRECTLY.
# yarn lockfile v1


amdefine@>=0.0.4:
  version "1.0.1"
  resolved "https://registry.yarnpkg.com/amdefine/-/amdefine-1.0.1.tgz#4a5282ac164729e93619bcfd3ad151f817ce91f5"
  integrity sha1-SlKCrBZHKek2Gbz9OtFR+BfOkfU=

async@~0.2.6:
  version "0.2.10"
  resolved "https://registry.yarnpkg.com/async/-/async-0.2.10.tgz#b6bbe0b0674b9d719708ca38de8c237cb526c3d1"
  integrity sha1-trvgsGdLnXGXCMo43owjfLUmw9E=

buffer-crc32@0.2.1:
  version "0.2.1"
  resolved "https://registry.yarnpkg.com/buffer-crc32/-/buffer-crc32-0.2.1.tgz#be3e5382fc02b6d6324956ac1af98aa98b08534c"
  integrity sha1-vj5TgvwCttYySVasGvmKqYsIU0w=

bytes@0.2.0:
  version "0.2.0"
  resolved "https://registry.yarnpkg.com/bytes/-/bytes-0.2.0.tgz#aad33ec14e3dc2ca74e8e7d451f9ba053ad4f7a0"
  integrity sha1-qtM+wU49wsp06OfUUfm6BTrU96A=

commander@1.2.0:
  version "1.2.0"
  resolved "https://registry.yarnpkg.com/commander/-/commander-1.2.0.tgz#fd5713bfa153c7d6cc599378a5ab4c45c535029e"
  integrity sha1-/VcTv6FTx9bMWZN4patMRcU1Ap4=
  dependencies:
    keypress "0.1.x"

connect@2.8.4:
  version "2.8.4"
  resolved "https://registry.yarnpkg.com/connect/-/connect-2.8.4.tgz#ead3eb0e7c5e79bf25e246371d85849cbbbbc656"
  integrity sha1-6tPrDnxeeb8l4kY3HYWEnLu7xlY=
  dependencies:
    buffer-crc32 "0.2.1"
    bytes "0.2.0"
    cookie "0.1.0"
    cookie-signature "1.0.1"
    debug "*"
    formidable "1.0.14"
    fresh "0.1.0"
    methods "0.0.1"
    pause "0.0.1"
    qs "0.6.5"
    send "0.1.3"
    uid2 "0.0.2"

cookie-signature@1.0.1:
  version "1.0.1"
  resolved "https://registry.yarnpkg.com/cookie-signature/-/cookie-signature-1.0.1.tgz#44e072148af01e6e8e24afbf12690d68ae698ecb"
  integrity sha1-ROByFIrwHm6OJK+/EmkNaK5pjss=

cookie@0.1.0:
  version "0.1.0"
  resolved "https://registry.yarnpkg.com/cookie/-/cookie-0.1.0.tgz#90eb469ddce905c866de687efc43131d8801f9d0"
  integrity sha1-kOtGndzpBchm3mh+/EMTHYgB+dA=

debug@*:
  version "4.1.1"
  resolved "https://registry.yarnpkg.com/debug/-/debug-4.1.1.tgz#3b72260255109c6b589cee050f1d516139664791"
  integrity sha512-pYAIzeRo8J6KPEaJ0VWOh5Pzkbw/RetuzehGM7QRRX5he4fPHx2rdKMB256ehJCkX+XRQm16eZLqLNS8RSZXZw==
  dependencies:
    ms "^2.1.1"

debug@0.7.2:
  version "0.7.2"
  resolved "https://registry.yarnpkg.com/debug/-/debug-0.7.2.tgz#056692c86670977f115de82917918b8e8b9a10f0"
  integrity sha1-BWaSyGZwl38RXegpF5GLjouaEPA=

express@3.3.4:
  version "3.3.4"
  resolved "https://registry.yarnpkg.com/express/-/express-3.3.4.tgz#9abf22017213a8f6f54a421ce22b8ec27b7def62"
  integrity sha1-mr8iAXITqPb1SkIc4iuOwnt972I=
  dependencies:
    buffer-crc32 "0.2.1"
    commander "1.2.0"
    connect "2.8.4"
    cookie "0.1.0"
    cookie-signature "1.0.1"
    debug "*"
    fresh "0.1.0"
    methods "0.0.1"
    mkdirp "0.3.5"
    range-parser "0.0.4"
    send "0.1.3"

formidable@1.0.14:
  version "1.0.14"
  resolved "https://registry.yarnpkg.com/formidable/-/formidable-1.0.14.tgz#2b3f4c411cbb5fdd695c44843e2a23514a43231a"
  integrity sha1-Kz9MQRy7X91pXESEPiojUUpDIxo=

fresh@0.1.0:
  version "0.1.0"
  resolved "https://registry.yarnpkg.com/fresh/-/fresh-0.1.0.tgz#03e4b0178424e4c2d5d19a54d8814cdc97934850"
  integrity sha1-A+SwF4Qk5MLV0ZpU2IFM3JeTSFA=

handlebars@1.1.2:
  version "1.1.2"
  resolved "https://registry.yarnpkg.com/handlebars/-/handlebars-1.1.2.tgz#5360ecb5a487fce01145eb225ccaf3b29db3f43e"
  integrity sha1-U2DstaSH/OARResiXMrzsp2z9D4=
  dependencies:
    optimist "~0.3"
  optionalDependencies:
    uglify-js "~2.3"

keypress@0.1.x:
  version "0.1.0"
  resolved "https://registry.yarnpkg.com/keypress/-/keypress-0.1.0.tgz#4a3188d4291b66b4f65edb99f806aa9ae293592a"
  integrity sha1-SjGI1CkbZrT2XtuZ+AaqmuKTWSo=

methods@0.0.1:
  version "0.0.1"
  resolved "https://registry.yarnpkg.com/methods/-/methods-0.0.1.tgz#277c90f8bef39709645a8371c51c3b6c648e068c"
  integrity sha1-J3yQ+L7zlwlkWoNxxRw7bGSOBow=

mime@~1.2.9:
  version "1.2.11"
  resolved "https://registry.yarnpkg.com/mime/-/mime-1.2.11.tgz#58203eed86e3a5ef17aed2b7d9ebd47f0a60dd10"
  integrity sha1-WCA+7Ybjpe8XrtK32evUfwpg3RA=

mkdirp@0.3.5:
  version "0.3.5"
  resolved "https://registry.yarnpkg.com/mkdirp/-/mkdirp-0.3.5.tgz#de3e5f8961c88c787ee1368df849ac4413eca8d7"
  integrity sha1-3j5fiWHIjHh+4TaN+EmsRBPsqNc=

ms@^2.1.1:
  version "2.1.2"
  resolved "https://registry.yarnpkg.com/ms/-/ms-2.1.2.tgz#d09d1f357b443f493382a8eb3ccd183872ae6009"
  integrity sha512-sGkPx+VjMtmA6MX27oA4FBFELFCZZ4S4XqeGOXCv68tT+jb3vk/RyaKWP0PTKyWtmLSM0b+adUTEvbs1PEaH2w==

optimist@~0.3, optimist@~0.3.5:
  version "0.3.7"
  resolved "https://registry.yarnpkg.com/optimist/-/optimist-0.3.7.tgz#c90941ad59e4273328923074d2cf2e7cbc6ec0d9"
  integrity sha1-yQlBrVnkJzMokjB00s8ufLxuwNk=
  dependencies:
    wordwrap "~0.0.2"

pause@0.0.1:
  version "0.0.1"
  resolved "https://registry.yarnpkg.com/pause/-/pause-0.0.1.tgz#1d408b3fdb76923b9543d96fb4c9dfd535d9cb5d"
  integrity sha1-HUCLP9t2kjuVQ9lvtMnf1TXZy10=

qs@0.6.5:
  version "0.6.5"
  resolved "https://registry.yarnpkg.com/qs/-/qs-0.6.5.tgz#294b268e4b0d4250f6dde19b3b8b34935dff14ef"
  integrity sha1-KUsmjksNQlD23eGbO4s0k13/FO8=

range-parser@0.0.4:
  version "0.0.4"
  resolved "https://registry.yarnpkg.com/range-parser/-/range-parser-0.0.4.tgz#c0427ffef51c10acba0782a46c9602e744ff620b"
  integrity sha1-wEJ//vUcEKy6B4KkbJYC50T/Ygs=

send@0.1.3:
  version "0.1.3"
  resolved "https://registry.yarnpkg.com/send/-/send-0.1.3.tgz#a7875daa6802d31e2ce32fdad98d3664c51ecea3"
  integrity sha1-p4ddqmgC0x4s4y/a2Y02ZMUezqM=
  dependencies:
    debug "*"
    fresh "0.1.0"
    mime "~1.2.9"
    range-parser "0.0.4"

source-map@~0.1.7:
  version "0.1.43"
  resolved "https://registry.yarnpkg.com/source-map/-/source-map-0.1.43.tgz#c24bc146ca517c1471f5dacbe2571b2b7f9e3346"
  integrity sha1-wkvBRspRfBRx9drL4lcbK3+eM0Y=
  dependencies:
    amdefine ">=0.0.4"

uglify-js@~2.3:
  version "2.3.6"
  resolved "https://registry.yarnpkg.com/uglify-js/-/uglify-js-2.3.6.tgz#fa0984770b428b7a9b2a8058f46355d14fef211a"
  integrity sha1-+gmEdwtCi3qbKoBY9GNV0U/vIRo=
  dependencies:
    async "~0.2.6"
    optimist "~0.3.5"
    source-map "~0.1.7"

uid2@0.0.2:
  version "0.0.2"
  resolved "https://registry.yarnpkg.com/uid2/-/uid2-0.0.2.tgz#107fb155c82c1136620797ed4c88cf2b08f6aab8"
  integrity sha1-EH+xVcgsETZiB5ftTIjPKwj2qrg=

wordwrap@~0.0.2:
  version "0.0.3"
  resolved "https://registry.yarnpkg.com/wordwrap/-/wordwrap-0.0.3.tgz#a3d5da6cd5c0bc0008d37234bbaf1bed63059107"
  integrity sha1-o9XabNXAvAAI03I0u68b7WMFkQc=
